{
  "version": 4,
  "terraform_version": "1.1.4",
  "serial": 612,
  "lineage": "64922c41-a44a-fa86-a65e-12504bc7973a",
  "outputs": {},
  "resources": [
    {
      "mode": "data",
      "type": "aws_route53_zone",
      "name": "zone",
      "provider": "provider[\"registry.terraform.io/hashicorp/aws\"]",
      "instances": [
        {
          "schema_version": 0,
          "attributes": {
            "arn": "arn:aws:route53:::hostedzone/Z06354441N8BCFUXOP8I8",
            "caller_reference": "d8c26b0d-6187-4478-be06-b7b25c19ed28",
            "comment": "For Demo purpose ",
            "id": "Z06354441N8BCFUXOP8I8",
            "linked_service_description": null,
            "linked_service_principal": null,
            "name": "awsclouddemo.tk",
            "name_servers": [
              "ns-1084.awsdns-07.org",
              "ns-18.awsdns-02.com",
              "ns-1668.awsdns-16.co.uk",
              "ns-613.awsdns-12.net"
            ],
            "private_zone": false,
            "resource_record_set_count": 4,
            "tags": {},
            "vpc_id": null,
            "zone_id": "Z06354441N8BCFUXOP8I8"
          },
          "sensitive_attributes": []
        }
      ]
    },
    {
      "mode": "data",
      "type": "template_file",
      "name": "provision",
      "provider": "provider[\"registry.terraform.io/hashicorp/template\"]",
      "instances": [
        {
          "schema_version": 0,
          "attributes": {
            "filename": null,
            "id": "29132d777704452b8a99ffce94c96c78f0aaec77378aaaf369f5efa80fcd6602",
            "rendered": "#!/bin/bash\nsudo su\nyum update -y\nyum install httpd -y\nchkconfig httpd on\ncd /var/www/html\naws s3 sync s3://coffee-shop-demo-4 /var/www/html\nservice httpd start",
            "template": "#!/bin/bash\nsudo su\nyum update -y\nyum install httpd -y\nchkconfig httpd on\ncd /var/www/html\naws s3 sync s3://coffee-shop-demo-4 /var/www/html\nservice httpd start",
            "vars": null
          },
          "sensitive_attributes": []
        }
      ]
    },
    {
      "mode": "managed",
      "type": "aws_alb",
      "name": "alb",
      "provider": "provider[\"registry.terraform.io/hashicorp/aws\"]",
      "instances": [
        {
          "schema_version": 0,
          "attributes": {
            "access_logs": [
              {
                "bucket": "",
                "enabled": false,
                "prefix": ""
              }
            ],
            "arn": "arn:aws:elasticloadbalancing:eu-central-1:027619007323:loadbalancer/app/terraform-example-alb/854089e5e691f07a",
            "arn_suffix": "app/terraform-example-alb/854089e5e691f07a",
            "customer_owned_ipv4_pool": "",
            "desync_mitigation_mode": "defensive",
            "dns_name": "terraform-example-alb-1933446217.eu-central-1.elb.amazonaws.com",
            "drop_invalid_header_fields": false,
            "enable_cross_zone_load_balancing": null,
            "enable_deletion_protection": false,
            "enable_http2": true,
            "enable_waf_fail_open": false,
            "id": "arn:aws:elasticloadbalancing:eu-central-1:027619007323:loadbalancer/app/terraform-example-alb/854089e5e691f07a",
            "idle_timeout": 60,
            "internal": false,
            "ip_address_type": "ipv4",
            "load_balancer_type": "application",
            "name": "terraform-example-alb",
            "name_prefix": null,
            "security_groups": [
              "sg-01ccd970b0df03673"
            ],
            "subnet_mapping": [
              {
                "allocation_id": "",
                "ipv6_address": "",
                "outpost_id": "",
                "private_ipv4_address": "",
                "subnet_id": "subnet-0bbe321097548cb13"
              },
              {
                "allocation_id": "",
                "ipv6_address": "",
                "outpost_id": "",
                "private_ipv4_address": "",
                "subnet_id": "subnet-0ee80024ead57279e"
              }
            ],
            "subnets": [
              "subnet-0bbe321097548cb13",
              "subnet-0ee80024ead57279e"
            ],
            "tags": {
              "Name": "terraform-example-alb"
            },
            "tags_all": {
              "Name": "terraform-example-alb"
            },
            "timeouts": null,
            "vpc_id": "vpc-0cb02fc38943c51b0",
            "zone_id": "Z215JYRZR1TBD5"
          },
          "sensitive_attributes": [],
          "private": "eyJlMmJmYjczMC1lY2FhLTExZTYtOGY4OC0zNDM2M2JjN2M0YzAiOnsiY3JlYXRlIjo2MDAwMDAwMDAwMDAsImRlbGV0ZSI6NjAwMDAwMDAwMDAwLCJ1cGRhdGUiOjYwMDAwMDAwMDAwMH19",
          "dependencies": [
            "aws_security_group.alb-security-group",
            "aws_subnet.public-subnet-1",
            "aws_subnet.public-subnet-2",
            "aws_vpc.vpc"
          ]
        }
      ]
    },
    {
      "mode": "managed",
      "type": "aws_alb_listener",
      "name": "alb-listener-ssl-certficate",
      "provider": "provider[\"registry.terraform.io/hashicorp/aws\"]",
      "instances": [
        {
          "schema_version": 0,
          "attributes": {
            "alpn_policy": null,
            "arn": "arn:aws:elasticloadbalancing:eu-central-1:027619007323:listener/app/terraform-example-alb/854089e5e691f07a/d315c69d597b412f",
            "certificate_arn": "arn:aws:acm:eu-central-1:027619007323:certificate/0283ba8d-d3bf-4d94-9642-0d663f8f54ad",
            "default_action": [
              {
                "authenticate_cognito": [],
                "authenticate_oidc": [],
                "fixed_response": [],
                "forward": [],
                "order": 1,
                "redirect": [],
                "target_group_arn": "arn:aws:elasticloadbalancing:eu-central-1:027619007323:targetgroup/tf-example-lb-tg/739be8b165ff8a0d",
                "type": "forward"
              }
            ],
            "id": "arn:aws:elasticloadbalancing:eu-central-1:027619007323:listener/app/terraform-example-alb/854089e5e691f07a/d315c69d597b412f",
            "load_balancer_arn": "arn:aws:elasticloadbalancing:eu-central-1:027619007323:loadbalancer/app/terraform-example-alb/854089e5e691f07a",
            "port": 443,
            "protocol": "HTTPS",
            "ssl_policy": "ELBSecurityPolicy-2016-08",
            "tags": null,
            "tags_all": {},
            "timeouts": null
          },
          "sensitive_attributes": [],
          "private": "eyJlMmJmYjczMC1lY2FhLTExZTYtOGY4OC0zNDM2M2JjN2M0YzAiOnsicmVhZCI6NjAwMDAwMDAwMDAwfX0=",
          "dependencies": [
            "aws_alb.alb",
            "aws_lb_target_group.test",
            "aws_security_group.alb-security-group",
            "aws_subnet.public-subnet-1",
            "aws_subnet.public-subnet-2",
            "aws_vpc.vpc"
          ]
        }
      ]
    },
    {
      "mode": "managed",
      "type": "aws_alb_listener",
      "name": "listener_http",
      "provider": "provider[\"registry.terraform.io/hashicorp/aws\"]",
      "instances": [
        {
          "schema_version": 0,
          "attributes": {
            "alpn_policy": null,
            "arn": "arn:aws:elasticloadbalancing:eu-central-1:027619007323:listener/app/terraform-example-alb/854089e5e691f07a/47702b7268880f82",
            "certificate_arn": null,
            "default_action": [
              {
                "authenticate_cognito": [],
                "authenticate_oidc": [],
                "fixed_response": [],
                "forward": [],
                "order": 1,
                "redirect": [],
                "target_group_arn": "arn:aws:elasticloadbalancing:eu-central-1:027619007323:targetgroup/tf-example-lb-tg/739be8b165ff8a0d",
                "type": "forward"
              }
            ],
            "id": "arn:aws:elasticloadbalancing:eu-central-1:027619007323:listener/app/terraform-example-alb/854089e5e691f07a/47702b7268880f82",
            "load_balancer_arn": "arn:aws:elasticloadbalancing:eu-central-1:027619007323:loadbalancer/app/terraform-example-alb/854089e5e691f07a",
            "port": 80,
            "protocol": "HTTP",
            "ssl_policy": "",
            "tags": null,
            "tags_all": {},
            "timeouts": null
          },
          "sensitive_attributes": [],
          "private": "eyJlMmJmYjczMC1lY2FhLTExZTYtOGY4OC0zNDM2M2JjN2M0YzAiOnsicmVhZCI6NjAwMDAwMDAwMDAwfX0=",
          "dependencies": [
            "aws_alb.alb",
            "aws_lb_target_group.test",
            "aws_security_group.alb-security-group",
            "aws_subnet.public-subnet-1",
            "aws_subnet.public-subnet-2",
            "aws_vpc.vpc"
          ]
        }
      ]
    },
    {
      "mode": "managed",
      "type": "aws_autoscaling_group",
      "name": "autoscaling_group",
      "provider": "provider[\"registry.terraform.io/hashicorp/aws\"]",
      "instances": [
        {
          "schema_version": 0,
          "attributes": {
            "arn": "arn:aws:autoscaling:eu-central-1:027619007323:autoScalingGroup:f7efbad8-ea99-4b55-84f0-6037d059c9be:autoScalingGroupName/terraform-20220205183056807500000003",
            "availability_zones": [
              "eu-central-1a"
            ],
            "capacity_rebalance": false,
            "default_cooldown": 300,
            "desired_capacity": 2,
            "enabled_metrics": null,
            "force_delete": false,
            "force_delete_warm_pool": false,
            "health_check_grace_period": 300,
            "health_check_type": "EC2",
            "id": "terraform-20220205183056807500000003",
            "initial_lifecycle_hook": [],
            "instance_refresh": [],
            "launch_configuration": "terraform-example-web-instance20220205183055253400000002",
            "launch_template": [],
            "load_balancers": null,
            "max_instance_lifetime": 0,
            "max_size": 4,
            "metrics_granularity": "1Minute",
            "min_elb_capacity": null,
            "min_size": 2,
            "mixed_instances_policy": [],
            "name": "terraform-20220205183056807500000003",
            "name_prefix": "terraform-",
            "placement_group": "",
            "protect_from_scale_in": false,
            "service_linked_role_arn": "arn:aws:iam::027619007323:role/aws-service-role/autoscaling.amazonaws.com/AWSServiceRoleForAutoScaling",
            "suspended_processes": null,
            "tag": [
              {
                "key": "Name",
                "propagate_at_launch": true,
                "value": "terraform-example-autoscaling-group"
              }
            ],
            "tags": null,
            "target_group_arns": [
              "arn:aws:elasticloadbalancing:eu-central-1:027619007323:targetgroup/tf-example-lb-tg/739be8b165ff8a0d"
            ],
            "termination_policies": null,
            "timeouts": null,
            "vpc_zone_identifier": [
              "subnet-012cab17e5bb34eb0",
              "subnet-0829c6d399689e4c2"
            ],
            "wait_for_capacity_timeout": "10m",
            "wait_for_elb_capacity": null,
            "warm_pool": []
          },
          "sensitive_attributes": [],
          "private": "eyJlMmJmYjczMC1lY2FhLTExZTYtOGY4OC0zNDM2M2JjN2M0YzAiOnsiZGVsZXRlIjo2MDAwMDAwMDAwMDB9fQ==",
          "dependencies": [
            "aws_iam_instance_profile.some_profile",
            "aws_iam_role.some_role",
            "aws_launch_configuration.launch_config",
            "aws_lb_target_group.test",
            "aws_security_group.alb-security-group",
            "aws_security_group.ssh-security-group",
            "aws_security_group.webserver-security-group",
            "aws_subnet.private-subnet-1",
            "aws_subnet.private-subnet-2",
            "aws_vpc.vpc",
            "data.template_file.provision"
          ]
        }
      ]
    },
    {
      "mode": "managed",
      "type": "aws_db_instance",
      "name": "default",
      "provider": "provider[\"registry.terraform.io/hashicorp/aws\"]",
      "instances": [
        {
          "schema_version": 1,
          "attributes": {
            "address": "sampleinstance.cbzjyczbibms.eu-central-1.rds.amazonaws.com",
            "allocated_storage": 50,
            "allow_major_version_upgrade": null,
            "apply_immediately": null,
            "arn": "arn:aws:rds:eu-central-1:027619007323:db:sampleinstance",
            "auto_minor_version_upgrade": true,
            "availability_zone": "eu-central-1b",
            "backup_retention_period": 0,
            "backup_window": "21:35-22:05",
            "ca_cert_identifier": "rds-ca-2019",
            "character_set_name": "",
            "copy_tags_to_snapshot": false,
            "customer_owned_ip_enabled": false,
            "db_subnet_group_name": "database subnets",
            "delete_automated_backups": true,
            "deletion_protection": false,
            "domain": "",
            "domain_iam_role_name": "",
            "enabled_cloudwatch_logs_exports": null,
            "endpoint": "sampleinstance.cbzjyczbibms.eu-central-1.rds.amazonaws.com:3306",
            "engine": "mysql",
            "engine_version": "5.7",
            "engine_version_actual": "5.7.36",
            "final_snapshot_identifier": "Ignore",
            "hosted_zone_id": "Z1RLNUO7B9Q6NB",
            "iam_database_authentication_enabled": false,
            "id": "sampleinstance",
            "identifier": "sampleinstance",
            "identifier_prefix": null,
            "instance_class": "db.t2.micro",
            "iops": 0,
            "kms_key_id": "",
            "latest_restorable_time": "0001-01-01T00:00:00Z",
            "license_model": "general-public-license",
            "maintenance_window": "fri:01:54-fri:02:24",
            "max_allocated_storage": 0,
            "monitoring_interval": 0,
            "monitoring_role_arn": "",
            "multi_az": false,
            "name": "sample",
            "nchar_character_set_name": "",
            "option_group_name": "default:mysql-5-7",
            "parameter_group_name": "default.mysql5.7",
            "password": "DBAdmin52",
            "performance_insights_enabled": false,
            "performance_insights_kms_key_id": "",
            "performance_insights_retention_period": 0,
            "port": 3306,
            "publicly_accessible": false,
            "replica_mode": "",
            "replicas": [],
            "replicate_source_db": "",
            "resource_id": "db-ODDO7KQ6HO4JU2KUHCRCUIMVB4",
            "restore_to_point_in_time": [],
            "s3_import": [],
            "security_group_names": null,
            "skip_final_snapshot": true,
            "snapshot_identifier": null,
            "status": "available",
            "storage_encrypted": false,
            "storage_type": "gp2",
            "tags": null,
            "tags_all": {},
            "timeouts": null,
            "timezone": "",
            "username": "dbadmin",
            "vpc_security_group_ids": [
              "sg-0e3de828d28080a8f"
            ]
          },
          "sensitive_attributes": [],
          "private": "eyJlMmJmYjczMC1lY2FhLTExZTYtOGY4OC0zNDM2M2JjN2M0YzAiOnsiY3JlYXRlIjoyNDAwMDAwMDAwMDAwLCJkZWxldGUiOjM2MDAwMDAwMDAwMDAsInVwZGF0ZSI6NDgwMDAwMDAwMDAwMH0sInNjaGVtYV92ZXJzaW9uIjoiMSJ9",
          "dependencies": [
            "aws_db_subnet_group.database-subnet-group",
            "aws_security_group.alb-security-group",
            "aws_security_group.database-security-group",
            "aws_security_group.ssh-security-group",
            "aws_security_group.webserver-security-group",
            "aws_subnet.private-subnet-3",
            "aws_subnet.private-subnet-4",
            "aws_vpc.vpc"
          ]
        }
      ]
    },
    {
      "mode": "managed",
      "type": "aws_db_subnet_group",
      "name": "database-subnet-group",
      "provider": "provider[\"registry.terraform.io/hashicorp/aws\"]",
      "instances": [
        {
          "schema_version": 0,
          "attributes": {
            "arn": "arn:aws:rds:eu-central-1:027619007323:subgrp:database subnets",
            "description": "Subnets for Database Instance",
            "id": "database subnets",
            "name": "database subnets",
            "name_prefix": null,
            "subnet_ids": [
              "subnet-025f50e9f1b6aee7c",
              "subnet-086942690dbc360c1"
            ],
            "tags": {
              "Name": "Database Subnets"
            },
            "tags_all": {
              "Name": "Database Subnets"
            }
          },
          "sensitive_attributes": [],
          "private": "bnVsbA==",
          "dependencies": [
            "aws_subnet.private-subnet-3",
            "aws_subnet.private-subnet-4",
            "aws_vpc.vpc"
          ]
        }
      ]
    },
    {
      "mode": "managed",
      "type": "aws_eip",
      "name": "eip-for-nat-gateway-1",
      "provider": "provider[\"registry.terraform.io/hashicorp/aws\"]",
      "instances": [
        {
          "schema_version": 0,
          "attributes": {
            "address": null,
            "allocation_id": "eipalloc-0239716ef08e31341",
            "associate_with_private_ip": null,
            "association_id": "",
            "carrier_ip": "",
            "customer_owned_ip": "",
            "customer_owned_ipv4_pool": "",
            "domain": "vpc",
            "id": "eipalloc-0239716ef08e31341",
            "instance": "",
            "network_border_group": "eu-central-1",
            "network_interface": "",
            "private_dns": null,
            "private_ip": "",
            "public_dns": "ec2-3-127-246-165.eu-central-1.compute.amazonaws.com",
            "public_ip": "3.127.246.165",
            "public_ipv4_pool": "amazon",
            "tags": {
              "Name": "EIP-1"
            },
            "tags_all": {
              "Name": "EIP-1"
            },
            "timeouts": null,
            "vpc": true
          },
          "sensitive_attributes": [],
          "private": "eyJlMmJmYjczMC1lY2FhLTExZTYtOGY4OC0zNDM2M2JjN2M0YzAiOnsiZGVsZXRlIjoxODAwMDAwMDAwMDAsInJlYWQiOjkwMDAwMDAwMDAwMCwidXBkYXRlIjozMDAwMDAwMDAwMDB9fQ=="
        }
      ]
    },
    {
      "mode": "managed",
      "type": "aws_eip",
      "name": "eip-for-nat-gateway-2",
      "provider": "provider[\"registry.terraform.io/hashicorp/aws\"]",
      "instances": [
        {
          "schema_version": 0,
          "attributes": {
            "address": null,
            "allocation_id": "eipalloc-08ff7fdf671a28e2b",
            "associate_with_private_ip": null,
            "association_id": "",
            "carrier_ip": "",
            "customer_owned_ip": "",
            "customer_owned_ipv4_pool": "",
            "domain": "vpc",
            "id": "eipalloc-08ff7fdf671a28e2b",
            "instance": "",
            "network_border_group": "eu-central-1",
            "network_interface": "",
            "private_dns": null,
            "private_ip": "",
            "public_dns": "ec2-3-70-90-113.eu-central-1.compute.amazonaws.com",
            "public_ip": "3.70.90.113",
            "public_ipv4_pool": "amazon",
            "tags": {
              "Name": "EIP-2"
            },
            "tags_all": {
              "Name": "EIP-2"
            },
            "timeouts": null,
            "vpc": true
          },
          "sensitive_attributes": [],
          "private": "eyJlMmJmYjczMC1lY2FhLTExZTYtOGY4OC0zNDM2M2JjN2M0YzAiOnsiZGVsZXRlIjoxODAwMDAwMDAwMDAsInJlYWQiOjkwMDAwMDAwMDAwMCwidXBkYXRlIjozMDAwMDAwMDAwMDB9fQ=="
        }
      ]
    },
    {
      "mode": "managed",
      "type": "aws_iam_instance_profile",
      "name": "some_profile",
      "provider": "provider[\"registry.terraform.io/hashicorp/aws\"]",
      "instances": [
        {
          "schema_version": 0,
          "attributes": {
            "arn": "arn:aws:iam::027619007323:instance-profile/some-profile",
            "create_date": "2022-02-05T18:30:32Z",
            "id": "some-profile",
            "name": "some-profile",
            "name_prefix": null,
            "path": "/",
            "role": "my_role",
            "tags": null,
            "tags_all": {},
            "unique_id": "AIPAQM3RYTNNUOVWU4S5G"
          },
          "sensitive_attributes": [],
          "private": "bnVsbA==",
          "dependencies": [
            "aws_iam_role.some_role"
          ],
          "create_before_destroy": true
        }
      ]
    },
    {
      "mode": "managed",
      "type": "aws_iam_policy",
      "name": "bucket_policy",
      "provider": "provider[\"registry.terraform.io/hashicorp/aws\"]",
      "instances": [
        {
          "schema_version": 0,
          "attributes": {
            "arn": "arn:aws:iam::027619007323:policy/my-bucket-policy",
            "description": "Allow ",
            "id": "arn:aws:iam::027619007323:policy/my-bucket-policy",
            "name": "my-bucket-policy",
            "name_prefix": null,
            "path": "/",
            "policy": "{\"Statement\":[{\"Action\":[\"s3:*\",\"s3-object-lambda:*\"],\"Effect\":\"Allow\",\"Resource\":\"*\",\"Sid\":\"VisualEditor0\"}],\"Version\":\"2012-10-17\"}",
            "policy_id": "ANPAQM3RYTNN4SZDFAFCF",
            "tags": null,
            "tags_all": {}
          },
          "sensitive_attributes": [],
          "private": "bnVsbA=="
        }
      ]
    },
    {
      "mode": "managed",
      "type": "aws_iam_role",
      "name": "some_role",
      "provider": "provider[\"registry.terraform.io/hashicorp/aws\"]",
      "instances": [
        {
          "schema_version": 0,
          "attributes": {
            "arn": "arn:aws:iam::027619007323:role/my_role",
            "assume_role_policy": "{\"Version\":\"2012-10-17\",\"Statement\":[{\"Sid\":\"\",\"Effect\":\"Allow\",\"Principal\":{\"Service\":\"ec2.amazonaws.com\"},\"Action\":\"sts:AssumeRole\"}]}",
            "create_date": "2022-02-05T18:30:29Z",
            "description": "",
            "force_detach_policies": false,
            "id": "my_role",
            "inline_policy": [
              {
                "name": "",
                "policy": ""
              }
            ],
            "managed_policy_arns": [],
            "max_session_duration": 3600,
            "name": "my_role",
            "name_prefix": "",
            "path": "/",
            "permissions_boundary": null,
            "tags": null,
            "tags_all": {},
            "unique_id": "AROAQM3RYTNN4JJHGIOTU"
          },
          "sensitive_attributes": [],
          "private": "bnVsbA==",
          "create_before_destroy": true
        }
      ]
    },
    {
      "mode": "managed",
      "type": "aws_iam_role_policy_attachment",
      "name": "some_bucket_policy",
      "provider": "provider[\"registry.terraform.io/hashicorp/aws\"]",
      "instances": [
        {
          "schema_version": 0,
          "attributes": {
            "id": "my_role-20220205183032755200000001",
            "policy_arn": "arn:aws:iam::027619007323:policy/my-bucket-policy",
            "role": "my_role"
          },
          "sensitive_attributes": [],
          "private": "bnVsbA==",
          "dependencies": [
            "aws_iam_policy.bucket_policy",
            "aws_iam_role.some_role"
          ]
        }
      ]
    },
    {
      "mode": "managed",
      "type": "aws_internet_gateway",
      "name": "internet-gateway",
      "provider": "provider[\"registry.terraform.io/hashicorp/aws\"]",
      "instances": [
        {
          "schema_version": 0,
          "attributes": {
            "arn": "arn:aws:ec2:eu-central-1:027619007323:internet-gateway/igw-0a5aaae9e4b785fb3",
            "id": "igw-0a5aaae9e4b785fb3",
            "owner_id": "027619007323",
            "tags": {
              "Name": "Website_internet_gateway"
            },
            "tags_all": {
              "Name": "Website_internet_gateway"
            },
            "vpc_id": "vpc-0cb02fc38943c51b0"
          },
          "sensitive_attributes": [],
          "private": "bnVsbA==",
          "dependencies": [
            "aws_vpc.vpc"
          ]
        }
      ]
    },
    {
      "mode": "managed",
      "type": "aws_key_pair",
      "name": "generated_key",
      "provider": "provider[\"registry.terraform.io/hashicorp/aws\"]",
      "instances": [
        {
          "schema_version": 1,
          "attributes": {
            "arn": "arn:aws:ec2:eu-central-1:027619007323:key-pair/terraform-key-pair",
            "fingerprint": "eb:76:04:a3:21:98:d7:fd:d5:52:c3:47:68:9a:06:38",
            "id": "terraform-key-pair",
            "key_name": "terraform-key-pair",
            "key_name_prefix": "",
            "key_pair_id": "key-0ae2395c19fa95bf7",
            "public_key": "ssh-rsa AAAAB3NzaC1yc2EAAAADAQABAAACAQC4VVTxaPMXGJZPCr3h2knhhcEkpzFvLVNDvl4aPOhhV38zT4+WJmXNEbResc0iNM0XiMAEJPSmGC0rxohF3MLwng8H8upWf7afaFyg+7HDLSAAqeckUicOSCI9R9ATOVywLhK4JD07oW7Nv/1kcumaFEGzLNcD9VkW9ZAqXAt9/lpRA8VV6vkfz0T8YoTGu6XxSzcaH+4h2LVjYgzj06Ud7ae+x9/5PUZbcRzMYBNwIkGx64q4O5Ulj2bBo13zVwatS5W2MCh/yQ+sNjh/ZgOgHsuk8uaCnd/xggkZhZdniDZYw5iyfPm01mEpmUf4U4Nfdqygd0nkTQpk+N95CvDVxBktmK+9HAfUtRCECMAWA274XU1YM3cuiedlz7mbVdS9R4wHTFMnKtBpOu5HwFtvDsbXK5xChdTQQZ0w9ruN8KehYzjQ/QmIitR87uRY+KtQ8m7TsSj8gsk9/eauyuNW2kLUMdnSR2a3CvkIhyJlBGeiE3hhjzXsFQi5JqpQH+EuxdFFh+m9/byUktVh+d+7StQpbSuQBJvH3B60fK99WpE9+TwRqJTMDxkQmPODH8p5R4npnJL23fjLAE16E5IeFTFNVxYDcYzwNlXvU5UYRhB53Ui3odu9GGAb1RcPucwcR+5DDQUP8c7drPaWDWZudbwq4kVJTw0iA+uYMTcsHw==",
            "tags": null,
            "tags_all": {}
          },
          "sensitive_attributes": [],
          "private": "eyJzY2hlbWFfdmVyc2lvbiI6IjEifQ==",
          "dependencies": [
            "tls_private_key.dev_key"
          ]
        }
      ]
    },
    {
      "mode": "managed",
      "type": "aws_launch_configuration",
      "name": "launch_config",
      "provider": "provider[\"registry.terraform.io/hashicorp/aws\"]",
      "instances": [
        {
          "schema_version": 0,
          "attributes": {
            "arn": "arn:aws:autoscaling:eu-central-1:027619007323:launchConfiguration:85d1af9f-d549-4a97-bb53-3493ad49727b:launchConfigurationName/terraform-example-web-instance20220205183055253400000002",
            "associate_public_ip_address": true,
            "ebs_block_device": [],
            "ebs_optimized": false,
            "enable_monitoring": true,
            "ephemeral_block_device": [],
            "iam_instance_profile": "some-profile",
            "id": "terraform-example-web-instance20220205183055253400000002",
            "image_id": "ami-04c921614424b07cd",
            "instance_type": "t2.micro",
            "key_name": "terraform-key-pair",
            "metadata_options": [],
            "name": "terraform-example-web-instance20220205183055253400000002",
            "name_prefix": "terraform-example-web-instance",
            "placement_tenancy": null,
            "root_block_device": [],
            "security_groups": [
              "sg-091be6877cb4bc343"
            ],
            "spot_price": "",
            "user_data": "97e62bfab69a9f2b89e6945d038b16b14f870130",
            "user_data_base64": null,
            "vpc_classic_link_id": "",
            "vpc_classic_link_security_groups": null
          },
          "sensitive_attributes": [],
          "private": "bnVsbA==",
          "dependencies": [
            "aws_iam_instance_profile.some_profile",
            "aws_iam_role.some_role",
            "aws_security_group.alb-security-group",
            "aws_security_group.ssh-security-group",
            "aws_security_group.webserver-security-group",
            "aws_vpc.vpc",
            "data.template_file.provision"
          ],
          "create_before_destroy": true
        }
      ]
    },
    {
      "mode": "managed",
      "type": "aws_lb_target_group",
      "name": "test",
      "provider": "provider[\"registry.terraform.io/hashicorp/aws\"]",
      "instances": [
        {
          "schema_version": 0,
          "attributes": {
            "arn": "arn:aws:elasticloadbalancing:eu-central-1:027619007323:targetgroup/tf-example-lb-tg/739be8b165ff8a0d",
            "arn_suffix": "targetgroup/tf-example-lb-tg/739be8b165ff8a0d",
            "connection_termination": false,
            "deregistration_delay": "300",
            "health_check": [
              {
                "enabled": true,
                "healthy_threshold": 5,
                "interval": 30,
                "matcher": "200,302",
                "path": "/",
                "port": "traffic-port",
                "protocol": "HTTP",
                "timeout": 5,
                "unhealthy_threshold": 2
              }
            ],
            "id": "arn:aws:elasticloadbalancing:eu-central-1:027619007323:targetgroup/tf-example-lb-tg/739be8b165ff8a0d",
            "lambda_multi_value_headers_enabled": false,
            "load_balancing_algorithm_type": "round_robin",
            "name": "tf-example-lb-tg",
            "name_prefix": null,
            "port": 80,
            "preserve_client_ip": null,
            "protocol": "HTTP",
            "protocol_version": "HTTP1",
            "proxy_protocol_v2": false,
            "slow_start": 0,
            "stickiness": [
              {
                "cookie_duration": 86400,
                "cookie_name": "",
                "enabled": false,
                "type": "lb_cookie"
              }
            ],
            "tags": null,
            "tags_all": {},
            "target_type": "instance",
            "vpc_id": "vpc-0cb02fc38943c51b0"
          },
          "sensitive_attributes": [],
          "private": "bnVsbA==",
          "dependencies": [
            "aws_vpc.vpc"
          ]
        }
      ]
    },
    {
      "mode": "managed",
      "type": "aws_nat_gateway",
      "name": "nat-gateway-1",
      "provider": "provider[\"registry.terraform.io/hashicorp/aws\"]",
      "instances": [
        {
          "schema_version": 0,
          "attributes": {
            "allocation_id": "eipalloc-0239716ef08e31341",
            "connectivity_type": "public",
            "id": "nat-0a718dad802b8febb",
            "network_interface_id": "eni-0b8d864309c905328",
            "private_ip": "10.0.0.123",
            "public_ip": "3.127.246.165",
            "subnet_id": "subnet-0bbe321097548cb13",
            "tags": {
              "Name": "NAT-Gateway-Public-Subnet-1"
            },
            "tags_all": {
              "Name": "NAT-Gateway-Public-Subnet-1"
            }
          },
          "sensitive_attributes": [],
          "private": "bnVsbA==",
          "dependencies": [
            "aws_eip.eip-for-nat-gateway-1",
            "aws_subnet.public-subnet-1",
            "aws_vpc.vpc"
          ]
        }
      ]
    },
    {
      "mode": "managed",
      "type": "aws_nat_gateway",
      "name": "nat-gateway-2",
      "provider": "provider[\"registry.terraform.io/hashicorp/aws\"]",
      "instances": [
        {
          "schema_version": 0,
          "attributes": {
            "allocation_id": "eipalloc-08ff7fdf671a28e2b",
            "connectivity_type": "public",
            "id": "nat-019e0817c6f5c710f",
            "network_interface_id": "eni-0fb45dcff2185394a",
            "private_ip": "10.0.1.169",
            "public_ip": "3.70.90.113",
            "subnet_id": "subnet-0ee80024ead57279e",
            "tags": {
              "Name": "NAT-Gateway-Public-Subnet-2"
            },
            "tags_all": {
              "Name": "NAT-Gateway-Public-Subnet-2"
            }
          },
          "sensitive_attributes": [],
          "private": "bnVsbA==",
          "dependencies": [
            "aws_eip.eip-for-nat-gateway-2",
            "aws_subnet.public-subnet-2",
            "aws_vpc.vpc"
          ]
        }
      ]
    },
    {
      "mode": "managed",
      "type": "aws_route53_record",
      "name": "terraform",
      "provider": "provider[\"registry.terraform.io/hashicorp/aws\"]",
      "instances": [
        {
          "schema_version": 2,
          "attributes": {
            "alias": [
              {
                "evaluate_target_health": true,
                "name": "terraform-example-alb-1933446217.eu-central-1.elb.amazonaws.com",
                "zone_id": "Z215JYRZR1TBD5"
              }
            ],
            "allow_overwrite": null,
            "failover_routing_policy": [],
            "fqdn": "awsclouddemo.tk",
            "geolocation_routing_policy": [],
            "health_check_id": null,
            "id": "Z06354441N8BCFUXOP8I8_awsclouddemo.tk_A",
            "latency_routing_policy": [],
            "multivalue_answer_routing_policy": null,
            "name": "awsclouddemo.tk",
            "records": null,
            "set_identifier": null,
            "ttl": null,
            "type": "A",
            "weighted_routing_policy": [],
            "zone_id": "Z06354441N8BCFUXOP8I8"
          },
          "sensitive_attributes": [],
          "private": "eyJzY2hlbWFfdmVyc2lvbiI6IjIifQ==",
          "dependencies": [
            "aws_alb.alb",
            "aws_security_group.alb-security-group",
            "aws_subnet.public-subnet-1",
            "aws_subnet.public-subnet-2",
            "aws_vpc.vpc",
            "data.aws_route53_zone.zone"
          ]
        }
      ]
    },
    {
      "mode": "managed",
      "type": "aws_route_table",
      "name": "private-route-table-1",
      "provider": "provider[\"registry.terraform.io/hashicorp/aws\"]",
      "instances": [
        {
          "schema_version": 0,
          "attributes": {
            "arn": "arn:aws:ec2:eu-central-1:027619007323:route-table/rtb-062a95ca151b80ec0",
            "id": "rtb-062a95ca151b80ec0",
            "owner_id": "027619007323",
            "propagating_vgws": [],
            "route": [
              {
                "carrier_gateway_id": "",
                "cidr_block": "0.0.0.0/0",
                "destination_prefix_list_id": "",
                "egress_only_gateway_id": "",
                "gateway_id": "",
                "instance_id": "",
                "ipv6_cidr_block": "",
                "local_gateway_id": "",
                "nat_gateway_id": "nat-0a718dad802b8febb",
                "network_interface_id": "",
                "transit_gateway_id": "",
                "vpc_endpoint_id": "",
                "vpc_peering_connection_id": ""
              }
            ],
            "tags": {
              "Name": "Private-route-table-1"
            },
            "tags_all": {
              "Name": "Private-route-table-1"
            },
            "timeouts": null,
            "vpc_id": "vpc-0cb02fc38943c51b0"
          },
          "sensitive_attributes": [],
          "private": "eyJlMmJmYjczMC1lY2FhLTExZTYtOGY4OC0zNDM2M2JjN2M0YzAiOnsiY3JlYXRlIjozMDAwMDAwMDAwMDAsImRlbGV0ZSI6MzAwMDAwMDAwMDAwLCJ1cGRhdGUiOjEyMDAwMDAwMDAwMH19",
          "dependencies": [
            "aws_eip.eip-for-nat-gateway-1",
            "aws_nat_gateway.nat-gateway-1",
            "aws_subnet.public-subnet-1",
            "aws_vpc.vpc"
          ]
        }
      ]
    },
    {
      "mode": "managed",
      "type": "aws_route_table",
      "name": "private-route-table-2",
      "provider": "provider[\"registry.terraform.io/hashicorp/aws\"]",
      "instances": [
        {
          "schema_version": 0,
          "attributes": {
            "arn": "arn:aws:ec2:eu-central-1:027619007323:route-table/rtb-0d66611c2b510fac6",
            "id": "rtb-0d66611c2b510fac6",
            "owner_id": "027619007323",
            "propagating_vgws": [],
            "route": [
              {
                "carrier_gateway_id": "",
                "cidr_block": "0.0.0.0/0",
                "destination_prefix_list_id": "",
                "egress_only_gateway_id": "",
                "gateway_id": "",
                "instance_id": "",
                "ipv6_cidr_block": "",
                "local_gateway_id": "",
                "nat_gateway_id": "nat-019e0817c6f5c710f",
                "network_interface_id": "",
                "transit_gateway_id": "",
                "vpc_endpoint_id": "",
                "vpc_peering_connection_id": ""
              }
            ],
            "tags": {
              "Name": "private-route-table-2"
            },
            "tags_all": {
              "Name": "private-route-table-2"
            },
            "timeouts": null,
            "vpc_id": "vpc-0cb02fc38943c51b0"
          },
          "sensitive_attributes": [],
          "private": "eyJlMmJmYjczMC1lY2FhLTExZTYtOGY4OC0zNDM2M2JjN2M0YzAiOnsiY3JlYXRlIjozMDAwMDAwMDAwMDAsImRlbGV0ZSI6MzAwMDAwMDAwMDAwLCJ1cGRhdGUiOjEyMDAwMDAwMDAwMH19",
          "dependencies": [
            "aws_eip.eip-for-nat-gateway-2",
            "aws_nat_gateway.nat-gateway-2",
            "aws_subnet.public-subnet-2",
            "aws_vpc.vpc"
          ]
        }
      ]
    },
    {
      "mode": "managed",
      "type": "aws_route_table",
      "name": "public-route-table",
      "provider": "provider[\"registry.terraform.io/hashicorp/aws\"]",
      "instances": [
        {
          "schema_version": 0,
          "attributes": {
            "arn": "arn:aws:ec2:eu-central-1:027619007323:route-table/rtb-063a1a6a7c31e475f",
            "id": "rtb-063a1a6a7c31e475f",
            "owner_id": "027619007323",
            "propagating_vgws": [],
            "route": [
              {
                "carrier_gateway_id": "",
                "cidr_block": "0.0.0.0/0",
                "destination_prefix_list_id": "",
                "egress_only_gateway_id": "",
                "gateway_id": "igw-0a5aaae9e4b785fb3",
                "instance_id": "",
                "ipv6_cidr_block": "",
                "local_gateway_id": "",
                "nat_gateway_id": "",
                "network_interface_id": "",
                "transit_gateway_id": "",
                "vpc_endpoint_id": "",
                "vpc_peering_connection_id": ""
              }
            ],
            "tags": {
              "Name": "Public Route Table"
            },
            "tags_all": {
              "Name": "Public Route Table"
            },
            "timeouts": null,
            "vpc_id": "vpc-0cb02fc38943c51b0"
          },
          "sensitive_attributes": [],
          "private": "eyJlMmJmYjczMC1lY2FhLTExZTYtOGY4OC0zNDM2M2JjN2M0YzAiOnsiY3JlYXRlIjozMDAwMDAwMDAwMDAsImRlbGV0ZSI6MzAwMDAwMDAwMDAwLCJ1cGRhdGUiOjEyMDAwMDAwMDAwMH19",
          "dependencies": [
            "aws_internet_gateway.internet-gateway",
            "aws_vpc.vpc"
          ]
        }
      ]
    },
    {
      "mode": "managed",
      "type": "aws_route_table_association",
      "name": "private-subnet-1-route-table-association",
      "provider": "provider[\"registry.terraform.io/hashicorp/aws\"]",
      "instances": [
        {
          "schema_version": 0,
          "attributes": {
            "gateway_id": "",
            "id": "rtbassoc-0f40dc7ffad27e813",
            "route_table_id": "rtb-062a95ca151b80ec0",
            "subnet_id": "subnet-0829c6d399689e4c2"
          },
          "sensitive_attributes": [],
          "private": "bnVsbA==",
          "dependencies": [
            "aws_eip.eip-for-nat-gateway-1",
            "aws_nat_gateway.nat-gateway-1",
            "aws_route_table.private-route-table-1",
            "aws_subnet.private-subnet-1",
            "aws_subnet.public-subnet-1",
            "aws_vpc.vpc"
          ]
        }
      ]
    },
    {
      "mode": "managed",
      "type": "aws_route_table_association",
      "name": "private-subnet-2-route-table-association",
      "provider": "provider[\"registry.terraform.io/hashicorp/aws\"]",
      "instances": [
        {
          "schema_version": 0,
          "attributes": {
            "gateway_id": "",
            "id": "rtbassoc-0297d74c22ca59e50",
            "route_table_id": "rtb-0d66611c2b510fac6",
            "subnet_id": "subnet-012cab17e5bb34eb0"
          },
          "sensitive_attributes": [],
          "private": "bnVsbA==",
          "dependencies": [
            "aws_eip.eip-for-nat-gateway-2",
            "aws_nat_gateway.nat-gateway-2",
            "aws_route_table.private-route-table-2",
            "aws_subnet.private-subnet-2",
            "aws_subnet.public-subnet-2",
            "aws_vpc.vpc"
          ]
        }
      ]
    },
    {
      "mode": "managed",
      "type": "aws_route_table_association",
      "name": "private-subnet-3-route-table-association",
      "provider": "provider[\"registry.terraform.io/hashicorp/aws\"]",
      "instances": [
        {
          "schema_version": 0,
          "attributes": {
            "gateway_id": "",
            "id": "rtbassoc-0a5c7b47ca76cbfd9",
            "route_table_id": "rtb-062a95ca151b80ec0",
            "subnet_id": "subnet-086942690dbc360c1"
          },
          "sensitive_attributes": [],
          "private": "bnVsbA==",
          "dependencies": [
            "aws_eip.eip-for-nat-gateway-1",
            "aws_nat_gateway.nat-gateway-1",
            "aws_route_table.private-route-table-1",
            "aws_subnet.private-subnet-3",
            "aws_subnet.public-subnet-1",
            "aws_vpc.vpc"
          ]
        }
      ]
    },
    {
      "mode": "managed",
      "type": "aws_route_table_association",
      "name": "private-subnet-4-route-table-association",
      "provider": "provider[\"registry.terraform.io/hashicorp/aws\"]",
      "instances": [
        {
          "schema_version": 0,
          "attributes": {
            "gateway_id": "",
            "id": "rtbassoc-0897120a750419f46",
            "route_table_id": "rtb-0d66611c2b510fac6",
            "subnet_id": "subnet-025f50e9f1b6aee7c"
          },
          "sensitive_attributes": [],
          "private": "bnVsbA==",
          "dependencies": [
            "aws_eip.eip-for-nat-gateway-2",
            "aws_nat_gateway.nat-gateway-2",
            "aws_route_table.private-route-table-2",
            "aws_subnet.private-subnet-4",
            "aws_subnet.public-subnet-2",
            "aws_vpc.vpc"
          ]
        }
      ]
    },
    {
      "mode": "managed",
      "type": "aws_route_table_association",
      "name": "public-subnet-1-route-table-association",
      "provider": "provider[\"registry.terraform.io/hashicorp/aws\"]",
      "instances": [
        {
          "schema_version": 0,
          "attributes": {
            "gateway_id": "",
            "id": "rtbassoc-03f6c2adaa326dbb4",
            "route_table_id": "rtb-063a1a6a7c31e475f",
            "subnet_id": "subnet-0bbe321097548cb13"
          },
          "sensitive_attributes": [],
          "private": "bnVsbA==",
          "dependencies": [
            "aws_internet_gateway.internet-gateway",
            "aws_route_table.public-route-table",
            "aws_subnet.public-subnet-1",
            "aws_vpc.vpc"
          ]
        }
      ]
    },
    {
      "mode": "managed",
      "type": "aws_route_table_association",
      "name": "public-subnet-2-route-table-association",
      "provider": "provider[\"registry.terraform.io/hashicorp/aws\"]",
      "instances": [
        {
          "schema_version": 0,
          "attributes": {
            "gateway_id": "",
            "id": "rtbassoc-0c9c138e1023a9f8f",
            "route_table_id": "rtb-063a1a6a7c31e475f",
            "subnet_id": "subnet-0ee80024ead57279e"
          },
          "sensitive_attributes": [],
          "private": "bnVsbA==",
          "dependencies": [
            "aws_internet_gateway.internet-gateway",
            "aws_route_table.public-route-table",
            "aws_subnet.public-subnet-2",
            "aws_vpc.vpc"
          ]
        }
      ]
    },
    {
      "mode": "managed",
      "type": "aws_security_group",
      "name": "alb-security-group",
      "provider": "provider[\"registry.terraform.io/hashicorp/aws\"]",
      "instances": [
        {
          "schema_version": 1,
          "attributes": {
            "arn": "arn:aws:ec2:eu-central-1:027619007323:security-group/sg-01ccd970b0df03673",
            "description": "Enable HTTP/HTTPS access on Port 80/443",
            "egress": [
              {
                "cidr_blocks": [
                  "0.0.0.0/0"
                ],
                "description": "",
                "from_port": 0,
                "ipv6_cidr_blocks": [],
                "prefix_list_ids": [],
                "protocol": "-1",
                "security_groups": [],
                "self": false,
                "to_port": 0
              }
            ],
            "id": "sg-01ccd970b0df03673",
            "ingress": [
              {
                "cidr_blocks": [
                  "0.0.0.0/0"
                ],
                "description": "HTTP Access",
                "from_port": 80,
                "ipv6_cidr_blocks": [],
                "prefix_list_ids": [],
                "protocol": "tcp",
                "security_groups": [],
                "self": false,
                "to_port": 80
              },
              {
                "cidr_blocks": [
                  "0.0.0.0/0"
                ],
                "description": "HTTPS Access",
                "from_port": 443,
                "ipv6_cidr_blocks": [],
                "prefix_list_ids": [],
                "protocol": "tcp",
                "security_groups": [],
                "self": false,
                "to_port": 443
              }
            ],
            "name": "ALB Security Group",
            "name_prefix": "",
            "owner_id": "027619007323",
            "revoke_rules_on_delete": false,
            "tags": {
              "Name": "ALB Security Group"
            },
            "tags_all": {
              "Name": "ALB Security Group"
            },
            "timeouts": null,
            "vpc_id": "vpc-0cb02fc38943c51b0"
          },
          "sensitive_attributes": [],
          "private": "eyJlMmJmYjczMC1lY2FhLTExZTYtOGY4OC0zNDM2M2JjN2M0YzAiOnsiY3JlYXRlIjo2MDAwMDAwMDAwMDAsImRlbGV0ZSI6OTAwMDAwMDAwMDAwfSwic2NoZW1hX3ZlcnNpb24iOiIxIn0=",
          "dependencies": [
            "aws_vpc.vpc"
          ],
          "create_before_destroy": true
        }
      ]
    },
    {
      "mode": "managed",
      "type": "aws_security_group",
      "name": "database-security-group",
      "provider": "provider[\"registry.terraform.io/hashicorp/aws\"]",
      "instances": [
        {
          "schema_version": 1,
          "attributes": {
            "arn": "arn:aws:ec2:eu-central-1:027619007323:security-group/sg-0e3de828d28080a8f",
            "description": "Enable MYSQL/Aurora access on Port 3306",
            "egress": [
              {
                "cidr_blocks": [
                  "0.0.0.0/0"
                ],
                "description": "",
                "from_port": 0,
                "ipv6_cidr_blocks": [],
                "prefix_list_ids": [],
                "protocol": "-1",
                "security_groups": [],
                "self": false,
                "to_port": 0
              }
            ],
            "id": "sg-0e3de828d28080a8f",
            "ingress": [
              {
                "cidr_blocks": [],
                "description": "MYSQL/Aurora Access",
                "from_port": 3306,
                "ipv6_cidr_blocks": [],
                "prefix_list_ids": [],
                "protocol": "tcp",
                "security_groups": [
                  "sg-091be6877cb4bc343"
                ],
                "self": false,
                "to_port": 3306
              }
            ],
            "name": "Database Security Group",
            "name_prefix": "",
            "owner_id": "027619007323",
            "revoke_rules_on_delete": false,
            "tags": {
              "Name": "Database Security Group"
            },
            "tags_all": {
              "Name": "Database Security Group"
            },
            "timeouts": null,
            "vpc_id": "vpc-0cb02fc38943c51b0"
          },
          "sensitive_attributes": [],
          "private": "eyJlMmJmYjczMC1lY2FhLTExZTYtOGY4OC0zNDM2M2JjN2M0YzAiOnsiY3JlYXRlIjo2MDAwMDAwMDAwMDAsImRlbGV0ZSI6OTAwMDAwMDAwMDAwfSwic2NoZW1hX3ZlcnNpb24iOiIxIn0=",
          "dependencies": [
            "aws_security_group.alb-security-group",
            "aws_security_group.ssh-security-group",
            "aws_security_group.webserver-security-group",
            "aws_vpc.vpc"
          ]
        }
      ]
    },
    {
      "mode": "managed",
      "type": "aws_security_group",
      "name": "ssh-security-group",
      "provider": "provider[\"registry.terraform.io/hashicorp/aws\"]",
      "instances": [
        {
          "schema_version": 1,
          "attributes": {
            "arn": "arn:aws:ec2:eu-central-1:027619007323:security-group/sg-09c428540212cf1fb",
            "description": "Enable SSH access on Port 22",
            "egress": [
              {
                "cidr_blocks": [
                  "0.0.0.0/0"
                ],
                "description": "",
                "from_port": 0,
                "ipv6_cidr_blocks": [],
                "prefix_list_ids": [],
                "protocol": "-1",
                "security_groups": [],
                "self": false,
                "to_port": 0
              }
            ],
            "id": "sg-09c428540212cf1fb",
            "ingress": [
              {
                "cidr_blocks": [
                  "0.0.0.0/0"
                ],
                "description": "SSH Access",
                "from_port": 22,
                "ipv6_cidr_blocks": [],
                "prefix_list_ids": [],
                "protocol": "tcp",
                "security_groups": [],
                "self": false,
                "to_port": 22
              }
            ],
            "name": "SSH Security Group",
            "name_prefix": "",
            "owner_id": "027619007323",
            "revoke_rules_on_delete": false,
            "tags": {
              "Name": "SSH Security Group"
            },
            "tags_all": {
              "Name": "SSH Security Group"
            },
            "timeouts": null,
            "vpc_id": "vpc-0cb02fc38943c51b0"
          },
          "sensitive_attributes": [],
          "private": "eyJlMmJmYjczMC1lY2FhLTExZTYtOGY4OC0zNDM2M2JjN2M0YzAiOnsiY3JlYXRlIjo2MDAwMDAwMDAwMDAsImRlbGV0ZSI6OTAwMDAwMDAwMDAwfSwic2NoZW1hX3ZlcnNpb24iOiIxIn0=",
          "dependencies": [
            "aws_vpc.vpc"
          ],
          "create_before_destroy": true
        }
      ]
    },
    {
      "mode": "managed",
      "type": "aws_security_group",
      "name": "webserver-security-group",
      "provider": "provider[\"registry.terraform.io/hashicorp/aws\"]",
      "instances": [
        {
          "schema_version": 1,
          "attributes": {
            "arn": "arn:aws:ec2:eu-central-1:027619007323:security-group/sg-091be6877cb4bc343",
            "description": "Enable HTTP/HTTPS access on Port 80/443 via ALB and SSH access on Port 22 via SSH SG",
            "egress": [
              {
                "cidr_blocks": [
                  "0.0.0.0/0"
                ],
                "description": "",
                "from_port": 0,
                "ipv6_cidr_blocks": [],
                "prefix_list_ids": [],
                "protocol": "-1",
                "security_groups": [],
                "self": false,
                "to_port": 0
              }
            ],
            "id": "sg-091be6877cb4bc343",
            "ingress": [
              {
                "cidr_blocks": [],
                "description": "HTTP Access",
                "from_port": 80,
                "ipv6_cidr_blocks": [],
                "prefix_list_ids": [],
                "protocol": "tcp",
                "security_groups": [
                  "sg-01ccd970b0df03673"
                ],
                "self": false,
                "to_port": 80
              },
              {
                "cidr_blocks": [],
                "description": "HTTPS Access",
                "from_port": 443,
                "ipv6_cidr_blocks": [],
                "prefix_list_ids": [],
                "protocol": "tcp",
                "security_groups": [
                  "sg-01ccd970b0df03673"
                ],
                "self": false,
                "to_port": 443
              },
              {
                "cidr_blocks": [],
                "description": "SSH Access",
                "from_port": 22,
                "ipv6_cidr_blocks": [],
                "prefix_list_ids": [],
                "protocol": "tcp",
                "security_groups": [
                  "sg-09c428540212cf1fb"
                ],
                "self": false,
                "to_port": 22
              }
            ],
            "name": "Web Server Security Group",
            "name_prefix": "",
            "owner_id": "027619007323",
            "revoke_rules_on_delete": false,
            "tags": {
              "Name": "Web Server Security Group"
            },
            "tags_all": {
              "Name": "Web Server Security Group"
            },
            "timeouts": null,
            "vpc_id": "vpc-0cb02fc38943c51b0"
          },
          "sensitive_attributes": [],
          "private": "eyJlMmJmYjczMC1lY2FhLTExZTYtOGY4OC0zNDM2M2JjN2M0YzAiOnsiY3JlYXRlIjo2MDAwMDAwMDAwMDAsImRlbGV0ZSI6OTAwMDAwMDAwMDAwfSwic2NoZW1hX3ZlcnNpb24iOiIxIn0=",
          "dependencies": [
            "aws_security_group.alb-security-group",
            "aws_security_group.ssh-security-group",
            "aws_vpc.vpc"
          ],
          "create_before_destroy": true
        }
      ]
    },
    {
      "mode": "managed",
      "type": "aws_subnet",
      "name": "private-subnet-1",
      "provider": "provider[\"registry.terraform.io/hashicorp/aws\"]",
      "instances": [
        {
          "schema_version": 1,
          "attributes": {
            "arn": "arn:aws:ec2:eu-central-1:027619007323:subnet/subnet-0829c6d399689e4c2",
            "assign_ipv6_address_on_creation": false,
            "availability_zone": "eu-central-1a",
            "availability_zone_id": "euc1-az2",
            "cidr_block": "10.0.2.0/24",
            "customer_owned_ipv4_pool": "",
            "enable_dns64": false,
            "enable_resource_name_dns_a_record_on_launch": false,
            "enable_resource_name_dns_aaaa_record_on_launch": false,
            "id": "subnet-0829c6d399689e4c2",
            "ipv6_cidr_block": "",
            "ipv6_cidr_block_association_id": "",
            "ipv6_native": false,
            "map_customer_owned_ip_on_launch": false,
            "map_public_ip_on_launch": false,
            "outpost_arn": "",
            "owner_id": "027619007323",
            "private_dns_hostname_type_on_launch": "ip-name",
            "tags": {
              "Name": "private-subnet-1"
            },
            "tags_all": {
              "Name": "private-subnet-1"
            },
            "timeouts": null,
            "vpc_id": "vpc-0cb02fc38943c51b0"
          },
          "sensitive_attributes": [],
          "private": "eyJlMmJmYjczMC1lY2FhLTExZTYtOGY4OC0zNDM2M2JjN2M0YzAiOnsiY3JlYXRlIjo2MDAwMDAwMDAwMDAsImRlbGV0ZSI6MTIwMDAwMDAwMDAwMH0sInNjaGVtYV92ZXJzaW9uIjoiMSJ9",
          "dependencies": [
            "aws_vpc.vpc"
          ]
        }
      ]
    },
    {
      "mode": "managed",
      "type": "aws_subnet",
      "name": "private-subnet-2",
      "provider": "provider[\"registry.terraform.io/hashicorp/aws\"]",
      "instances": [
        {
          "schema_version": 1,
          "attributes": {
            "arn": "arn:aws:ec2:eu-central-1:027619007323:subnet/subnet-012cab17e5bb34eb0",
            "assign_ipv6_address_on_creation": false,
            "availability_zone": "eu-central-1a",
            "availability_zone_id": "euc1-az2",
            "cidr_block": "10.0.3.0/24",
            "customer_owned_ipv4_pool": "",
            "enable_dns64": false,
            "enable_resource_name_dns_a_record_on_launch": false,
            "enable_resource_name_dns_aaaa_record_on_launch": false,
            "id": "subnet-012cab17e5bb34eb0",
            "ipv6_cidr_block": "",
            "ipv6_cidr_block_association_id": "",
            "ipv6_native": false,
            "map_customer_owned_ip_on_launch": false,
            "map_public_ip_on_launch": false,
            "outpost_arn": "",
            "owner_id": "027619007323",
            "private_dns_hostname_type_on_launch": "ip-name",
            "tags": {
              "Name": "private-subnet-2"
            },
            "tags_all": {
              "Name": "private-subnet-2"
            },
            "timeouts": null,
            "vpc_id": "vpc-0cb02fc38943c51b0"
          },
          "sensitive_attributes": [],
          "private": "eyJlMmJmYjczMC1lY2FhLTExZTYtOGY4OC0zNDM2M2JjN2M0YzAiOnsiY3JlYXRlIjo2MDAwMDAwMDAwMDAsImRlbGV0ZSI6MTIwMDAwMDAwMDAwMH0sInNjaGVtYV92ZXJzaW9uIjoiMSJ9",
          "dependencies": [
            "aws_vpc.vpc"
          ]
        }
      ]
    },
    {
      "mode": "managed",
      "type": "aws_subnet",
      "name": "private-subnet-3",
      "provider": "provider[\"registry.terraform.io/hashicorp/aws\"]",
      "instances": [
        {
          "schema_version": 1,
          "attributes": {
            "arn": "arn:aws:ec2:eu-central-1:027619007323:subnet/subnet-086942690dbc360c1",
            "assign_ipv6_address_on_creation": false,
            "availability_zone": "eu-central-1a",
            "availability_zone_id": "euc1-az2",
            "cidr_block": "10.0.4.0/24",
            "customer_owned_ipv4_pool": "",
            "enable_dns64": false,
            "enable_resource_name_dns_a_record_on_launch": false,
            "enable_resource_name_dns_aaaa_record_on_launch": false,
            "id": "subnet-086942690dbc360c1",
            "ipv6_cidr_block": "",
            "ipv6_cidr_block_association_id": "",
            "ipv6_native": false,
            "map_customer_owned_ip_on_launch": false,
            "map_public_ip_on_launch": false,
            "outpost_arn": "",
            "owner_id": "027619007323",
            "private_dns_hostname_type_on_launch": "ip-name",
            "tags": {
              "Name": "private-subnet-3"
            },
            "tags_all": {
              "Name": "private-subnet-3"
            },
            "timeouts": null,
            "vpc_id": "vpc-0cb02fc38943c51b0"
          },
          "sensitive_attributes": [],
          "private": "eyJlMmJmYjczMC1lY2FhLTExZTYtOGY4OC0zNDM2M2JjN2M0YzAiOnsiY3JlYXRlIjo2MDAwMDAwMDAwMDAsImRlbGV0ZSI6MTIwMDAwMDAwMDAwMH0sInNjaGVtYV92ZXJzaW9uIjoiMSJ9",
          "dependencies": [
            "aws_vpc.vpc"
          ]
        }
      ]
    },
    {
      "mode": "managed",
      "type": "aws_subnet",
      "name": "private-subnet-4",
      "provider": "provider[\"registry.terraform.io/hashicorp/aws\"]",
      "instances": [
        {
          "schema_version": 1,
          "attributes": {
            "arn": "arn:aws:ec2:eu-central-1:027619007323:subnet/subnet-025f50e9f1b6aee7c",
            "assign_ipv6_address_on_creation": false,
            "availability_zone": "eu-central-1b",
            "availability_zone_id": "euc1-az3",
            "cidr_block": "10.0.5.0/24",
            "customer_owned_ipv4_pool": "",
            "enable_dns64": false,
            "enable_resource_name_dns_a_record_on_launch": false,
            "enable_resource_name_dns_aaaa_record_on_launch": false,
            "id": "subnet-025f50e9f1b6aee7c",
            "ipv6_cidr_block": "",
            "ipv6_cidr_block_association_id": "",
            "ipv6_native": false,
            "map_customer_owned_ip_on_launch": false,
            "map_public_ip_on_launch": false,
            "outpost_arn": "",
            "owner_id": "027619007323",
            "private_dns_hostname_type_on_launch": "ip-name",
            "tags": {
              "Name": "private-subnet-4"
            },
            "tags_all": {
              "Name": "private-subnet-4"
            },
            "timeouts": null,
            "vpc_id": "vpc-0cb02fc38943c51b0"
          },
          "sensitive_attributes": [],
          "private": "eyJlMmJmYjczMC1lY2FhLTExZTYtOGY4OC0zNDM2M2JjN2M0YzAiOnsiY3JlYXRlIjo2MDAwMDAwMDAwMDAsImRlbGV0ZSI6MTIwMDAwMDAwMDAwMH0sInNjaGVtYV92ZXJzaW9uIjoiMSJ9",
          "dependencies": [
            "aws_vpc.vpc"
          ]
        }
      ]
    },
    {
      "mode": "managed",
      "type": "aws_subnet",
      "name": "public-subnet-1",
      "provider": "provider[\"registry.terraform.io/hashicorp/aws\"]",
      "instances": [
        {
          "schema_version": 1,
          "attributes": {
            "arn": "arn:aws:ec2:eu-central-1:027619007323:subnet/subnet-0bbe321097548cb13",
            "assign_ipv6_address_on_creation": false,
            "availability_zone": "eu-central-1a",
            "availability_zone_id": "euc1-az2",
            "cidr_block": "10.0.0.0/24",
            "customer_owned_ipv4_pool": "",
            "enable_dns64": false,
            "enable_resource_name_dns_a_record_on_launch": false,
            "enable_resource_name_dns_aaaa_record_on_launch": false,
            "id": "subnet-0bbe321097548cb13",
            "ipv6_cidr_block": "",
            "ipv6_cidr_block_association_id": "",
            "ipv6_native": false,
            "map_customer_owned_ip_on_launch": false,
            "map_public_ip_on_launch": true,
            "outpost_arn": "",
            "owner_id": "027619007323",
            "private_dns_hostname_type_on_launch": "ip-name",
            "tags": {
              "Name": "public-subnet-1"
            },
            "tags_all": {
              "Name": "public-subnet-1"
            },
            "timeouts": null,
            "vpc_id": "vpc-0cb02fc38943c51b0"
          },
          "sensitive_attributes": [],
          "private": "eyJlMmJmYjczMC1lY2FhLTExZTYtOGY4OC0zNDM2M2JjN2M0YzAiOnsiY3JlYXRlIjo2MDAwMDAwMDAwMDAsImRlbGV0ZSI6MTIwMDAwMDAwMDAwMH0sInNjaGVtYV92ZXJzaW9uIjoiMSJ9",
          "dependencies": [
            "aws_vpc.vpc"
          ]
        }
      ]
    },
    {
      "mode": "managed",
      "type": "aws_subnet",
      "name": "public-subnet-2",
      "provider": "provider[\"registry.terraform.io/hashicorp/aws\"]",
      "instances": [
        {
          "schema_version": 1,
          "attributes": {
            "arn": "arn:aws:ec2:eu-central-1:027619007323:subnet/subnet-0ee80024ead57279e",
            "assign_ipv6_address_on_creation": false,
            "availability_zone": "eu-central-1b",
            "availability_zone_id": "euc1-az3",
            "cidr_block": "10.0.1.0/24",
            "customer_owned_ipv4_pool": "",
            "enable_dns64": false,
            "enable_resource_name_dns_a_record_on_launch": false,
            "enable_resource_name_dns_aaaa_record_on_launch": false,
            "id": "subnet-0ee80024ead57279e",
            "ipv6_cidr_block": "",
            "ipv6_cidr_block_association_id": "",
            "ipv6_native": false,
            "map_customer_owned_ip_on_launch": false,
            "map_public_ip_on_launch": true,
            "outpost_arn": "",
            "owner_id": "027619007323",
            "private_dns_hostname_type_on_launch": "ip-name",
            "tags": {
              "Name": "public-subnet-2"
            },
            "tags_all": {
              "Name": "public-subnet-2"
            },
            "timeouts": null,
            "vpc_id": "vpc-0cb02fc38943c51b0"
          },
          "sensitive_attributes": [],
          "private": "eyJlMmJmYjczMC1lY2FhLTExZTYtOGY4OC0zNDM2M2JjN2M0YzAiOnsiY3JlYXRlIjo2MDAwMDAwMDAwMDAsImRlbGV0ZSI6MTIwMDAwMDAwMDAwMH0sInNjaGVtYV92ZXJzaW9uIjoiMSJ9",
          "dependencies": [
            "aws_vpc.vpc"
          ]
        }
      ]
    },
    {
      "mode": "managed",
      "type": "aws_vpc",
      "name": "vpc",
      "provider": "provider[\"registry.terraform.io/hashicorp/aws\"]",
      "instances": [
        {
          "schema_version": 1,
          "attributes": {
            "arn": "arn:aws:ec2:eu-central-1:027619007323:vpc/vpc-0cb02fc38943c51b0",
            "assign_generated_ipv6_cidr_block": false,
            "cidr_block": "10.0.0.0/16",
            "default_network_acl_id": "acl-09a49a4114a0de220",
            "default_route_table_id": "rtb-0c99651be88e116ff",
            "default_security_group_id": "sg-05fa8d7d05e498ba1",
            "dhcp_options_id": "dopt-5fc55635",
            "enable_classiclink": false,
            "enable_classiclink_dns_support": false,
            "enable_dns_hostnames": true,
            "enable_dns_support": true,
            "id": "vpc-0cb02fc38943c51b0",
            "instance_tenancy": "default",
            "ipv4_ipam_pool_id": null,
            "ipv4_netmask_length": null,
            "ipv6_association_id": "",
            "ipv6_cidr_block": "",
            "ipv6_cidr_block_network_border_group": "",
            "ipv6_ipam_pool_id": "",
            "ipv6_netmask_length": 0,
            "main_route_table_id": "rtb-0c99651be88e116ff",
            "owner_id": "027619007323",
            "tags": {
              "Name": "WebSite_VPC"
            },
            "tags_all": {
              "Name": "WebSite_VPC"
            }
          },
          "sensitive_attributes": [],
          "private": "eyJzY2hlbWFfdmVyc2lvbiI6IjEifQ==",
          "create_before_destroy": true
        }
      ]
    },
    {
      "mode": "managed",
      "type": "tls_private_key",
      "name": "dev_key",
      "provider": "provider[\"registry.terraform.io/hashicorp/tls\"]",
      "instances": [
        {
          "schema_version": 0,
          "attributes": {
            "algorithm": "RSA",
            "ecdsa_curve": "P224",
            "id": "d456dcc94e7433a22b0b164bdb08ed7cad71ebec",
            "private_key_pem": "-----BEGIN RSA PRIVATE KEY-----\nMIIJKQIBAAKCAgEAuFVU8WjzFxiWTwq94dpJ4YXBJKcxby1TQ75eGjzoYVd/M0+P\nliZlzRG0XrHNIjTNF4jABCT0phgtK8aIRdzC8J4PB/LqVn+2n2hcoPuxwy0gAKnn\nJFInDkgiPUfQEzlcsC4SuCQ9O6Fuzb/9ZHLpmhRBsyzXA/VZFvWQKlwLff5aUQPF\nVer5H89E/GKExrul8Us3Gh/uIdi1Y2IM49OlHe2nvsff+T1GW3EczGATcCJBseuK\nuDuVJY9mwaNd81cGrUuVtjAof8kPrDY4f2YDoB7LpPLmgp3f8YIJGYWXZ4g2WMOY\nsnz5tNZhKZlH+FODX3asoHdJ5E0KZPjfeQrw1cQZLZivvRwH1LUQhAjAFgNu+F1N\nWDN3LonnZc+5m1XUvUeMB0xTJyrQaTruR8Bbbw7G1yucQoXU0EGdMPa7jfCnoWM4\n0P0JiIrUfO7kWPirUPJu07Eo/ILJPf3mrsrjVtpC1DHZ0kdmtwr5CIciZQRnohN4\nYY817BUIuSaqUB/hLsXRRYfpvf28lJLVYfnfu0rUKW0rkASbx9wetHyvfVqRPfk8\nEaiUzA8ZEJjzgx/KeUeJ6ZyS9t34ywBNehOSHhUxTVcWA3GM8DZV71OVGEYQed1I\nt6HbvRhgG9UXD7nMHEfuQw0FD/HO3az2lg1mbnW8KuJFSU8NIgPrmDE3LB8CAwEA\nAQKCAgBaBaJ0O3Lshp9xfqd5E2gdcXr/8X8c8p/FZ8UBP1mloFuIrYRMKfhxjAHw\ndRjfabX3lltgKsQoEYqN5GlM5SF27Vod4a48DCcd9pO2MvV/ghws9szhWhWkzema\nz+V4Xf08NWQC9f/JjW9VoDuZwN0A2H+1h2KClmGp6sc7SLR8Fan6AsNu0FBWDp18\nPIjnnWDPVJJWed2MPg9nt8zfvs7WrOfNLkPdruUbZ0RPM2SK0NAQmh2nF8IhE8V1\nL9mEK64hF9bHoQFGVuUGj3xMC4AdxKxjpBSbGYryoTTcd/eXIliYRP3fvVUd0cyl\nyivxxKdWCdkIjPlTO6Sl5z0MGiG/Dr3GTtDh/FJTP0lxEAls3e/u/3i71ZrkaEiN\nFyT5zYqxsUOFKmL4vPfuhh5GmCLTG3E10IlR6sF17YuqRo62ReHGJcmmZ/xSaldQ\nr9HpqMeV5/VZ1Qif8+RFpqHTlAffIdimoxVOEJxTlGSbxCBp6IleQOpxRLS3QZsN\nJPDTMxQksKPKMPnqI69Y1M/f1LVmeFnnEvy0kN/Cctc0SxKxyIKPrajyAuMuiFbf\n8ToAK3TWZh+VfDEly3yVfglKFWQ8NGdREUwFyG5Oc2jiAdC+xiCOW0Z3TB/4pT6D\n1oC93PpAgD0td8XDnvdM1PDlPDul4Se3L+76ZNEfNF0NUBWh0QKCAQEAxEL4fz8E\nIfZmvkFEspGisRLg7MRjOcQWRxRjy19pz8bDvDHMBdOROP59NjAjRQS2Fn4mlcxX\n23kO+9vlRcOz+0XCM6dZIK6P1qFaZ1Hgs3PA57Lw8P69SKnqveevFBnxDG2rmYG1\nklIkyzrXS3hNKfN9gJxCBxL8kFAL68O184T8riQUk0OEq6YWgYoTgKcm+9xP6C8U\nMwdZ/EYSb7+oqePAFsSJm0qPpLNC91ivm0eIApap4kRBKJWiw4weVnrV/g9NUuGq\nt85olJdQJJecGl0ilPFpB+AHMusWW2Zecl8wVqtxeKinxS5ggLtgUOLMN87Q95Vr\ncjfFrB5N8kHC+wKCAQEA8HDj2IwF5ZLM/Uhn6MIQRfzWgzSkbYMWcafijadvdbvS\nAAZfMHxD7a/6+a6zH647cHNseNUgyF+vTL++0eXpgLtXwjr4iyYVC5fwk+7bTWGt\nYlLNmXsKOY+IJRPLFcPq2nS9pCqbhCiMzeQKOfu5wFo0lZsT8NZDJe/L3Uld2W/b\nmz9+Pz4TEzUvws6nG7VtLooNBc/W8OIhzcnTo5a0Zghu5MgQH61PYDpy+bd7UINg\nIwlkVKhPIXXFFTyIx97Qv2Shvb62Rbu5KSogVnb6QIi0f5qmWzeEZFHuamBeXmmI\n0jKJO8aVeNRJ8s3ijxd2DUBjkNSb8M0zuw+uH0LSLQKCAQEAh+wJxbaS2iKYDXOO\nbE1Ia3IzrEZmof8XnqqUYqj10xxJOvER54casGovtXOpOYeFxBYiCuS2hB1XLz6f\njq123LL3SGbB50x9+ZtNzPh7skyccNsQ2xbRaJ2lIVhvfHBq7LyXd3zJj0isisN5\nj58FceRcKtINOHEB0cBeQS4NuVWE2eXLCiJco7QnKhfCYfthmFSAUsEoMB8LRxgQ\ndKw7100QH7SFyLLewKYV3s/g7p2fqItHpJi4t67KRrun1yTDR2y5lIkNfrbI3v/c\nVTtatTeDV7vJjdatpaoCldJT3snl5GBf+bx0VK9FzmH21o37+TqWpqEpBLVzhTyH\npxu8OQKCAQEAwVKjgDulih7sv0H2ekl++CcA+2HaS0s5Qo0wNaFIlys7AFYfN0bS\n/0udyh/TWkem9xV3Q/hpcXKt6lHJxc7MXntDZqIvsQIfrcCu6OMGZUOCOypEsYEi\niYGEf/tYMNnj/V4cFOFFRY+tFuah6lkh0y00Vo3oDJ7aQqh6DCSvVuL/eeYlRghN\nIgaDrmimKDtJ3D+XlPK16dyIPYRnrILB7cAeGclaXX3l8oNMashCWEwpgkJM71yc\ns1ST8C1J9RqMUTdCbOPofk0f5Z8/fQYQ1M6WAnuAApuy0U6nGdT+S38jSY7klLFp\nAUv/YUB1R4QfoSwCYjLwZz82ttM2t1/syQKCAQA2onrBM+oXvX6hmf2ZUU2LkmHk\ni7sgqWT+m0/daKG+EcDHD4fekCG48uLMkYtaf55z7QRUzYmOwel59l28Cy4YnUN2\nKJ4izrzm1aSePinTXoTwfFibLnPb7hUHvzKyVdYs18oAiseG2rHKC0JepkusBl/h\nLxJOz0YjgWXwNpXU0MNSM4AwbhLcmWQmW9Vc4prxbov3X9QbLu9kV4o6gbrsEESk\nEu96dTND1EK8itmBK3l7x9G1BUkUJQsVenKB45myz7ko98zQGJHP/t3XsbDCrHwq\nikdtCpn3sR2WJ5RhqnK5vE6ymJHGWeD5ObAhztD5tpnvL6An0VW8UHYSTPeh\n-----END RSA PRIVATE KEY-----\n",
            "public_key_fingerprint_md5": "f2:6d:16:dc:16:b6:7f:79:6a:55:eb:96:f9:c2:ec:b1",
            "public_key_openssh": "ssh-rsa AAAAB3NzaC1yc2EAAAADAQABAAACAQC4VVTxaPMXGJZPCr3h2knhhcEkpzFvLVNDvl4aPOhhV38zT4+WJmXNEbResc0iNM0XiMAEJPSmGC0rxohF3MLwng8H8upWf7afaFyg+7HDLSAAqeckUicOSCI9R9ATOVywLhK4JD07oW7Nv/1kcumaFEGzLNcD9VkW9ZAqXAt9/lpRA8VV6vkfz0T8YoTGu6XxSzcaH+4h2LVjYgzj06Ud7ae+x9/5PUZbcRzMYBNwIkGx64q4O5Ulj2bBo13zVwatS5W2MCh/yQ+sNjh/ZgOgHsuk8uaCnd/xggkZhZdniDZYw5iyfPm01mEpmUf4U4Nfdqygd0nkTQpk+N95CvDVxBktmK+9HAfUtRCECMAWA274XU1YM3cuiedlz7mbVdS9R4wHTFMnKtBpOu5HwFtvDsbXK5xChdTQQZ0w9ruN8KehYzjQ/QmIitR87uRY+KtQ8m7TsSj8gsk9/eauyuNW2kLUMdnSR2a3CvkIhyJlBGeiE3hhjzXsFQi5JqpQH+EuxdFFh+m9/byUktVh+d+7StQpbSuQBJvH3B60fK99WpE9+TwRqJTMDxkQmPODH8p5R4npnJL23fjLAE16E5IeFTFNVxYDcYzwNlXvU5UYRhB53Ui3odu9GGAb1RcPucwcR+5DDQUP8c7drPaWDWZudbwq4kVJTw0iA+uYMTcsHw==\n",
            "public_key_pem": "-----BEGIN PUBLIC KEY-----\nMIICIjANBgkqhkiG9w0BAQEFAAOCAg8AMIICCgKCAgEAuFVU8WjzFxiWTwq94dpJ\n4YXBJKcxby1TQ75eGjzoYVd/M0+PliZlzRG0XrHNIjTNF4jABCT0phgtK8aIRdzC\n8J4PB/LqVn+2n2hcoPuxwy0gAKnnJFInDkgiPUfQEzlcsC4SuCQ9O6Fuzb/9ZHLp\nmhRBsyzXA/VZFvWQKlwLff5aUQPFVer5H89E/GKExrul8Us3Gh/uIdi1Y2IM49Ol\nHe2nvsff+T1GW3EczGATcCJBseuKuDuVJY9mwaNd81cGrUuVtjAof8kPrDY4f2YD\noB7LpPLmgp3f8YIJGYWXZ4g2WMOYsnz5tNZhKZlH+FODX3asoHdJ5E0KZPjfeQrw\n1cQZLZivvRwH1LUQhAjAFgNu+F1NWDN3LonnZc+5m1XUvUeMB0xTJyrQaTruR8Bb\nbw7G1yucQoXU0EGdMPa7jfCnoWM40P0JiIrUfO7kWPirUPJu07Eo/ILJPf3mrsrj\nVtpC1DHZ0kdmtwr5CIciZQRnohN4YY817BUIuSaqUB/hLsXRRYfpvf28lJLVYfnf\nu0rUKW0rkASbx9wetHyvfVqRPfk8EaiUzA8ZEJjzgx/KeUeJ6ZyS9t34ywBNehOS\nHhUxTVcWA3GM8DZV71OVGEYQed1It6HbvRhgG9UXD7nMHEfuQw0FD/HO3az2lg1m\nbnW8KuJFSU8NIgPrmDE3LB8CAwEAAQ==\n-----END PUBLIC KEY-----\n",
            "rsa_bits": 4096
          },
          "sensitive_attributes": [],
          "private": "bnVsbA=="
        }
      ]
    }
  ]
}
